hash: 22d73e40ef3990c35aeceaeee7e3b79fcca8d354f3c6e298e97aab5cddb1a32e
updated: 2018-03-04T12:19:59.156172131Z
imports:
- name: github.com/agext/levenshtein
  version: 5f10fee965225ac1eecdc234c09daf5cd9e7f7b6
- name: github.com/apparentlymart/go-cidr
  version: 2bd8b58cf4275aeb086ade613de226773e29e853
  subpackages:
  - cidr
- name: github.com/apparentlymart/go-textseg
  version: b836f5c4d331d1945a2fead7188db25432d73b69
  subpackages:
  - textseg
- name: github.com/armon/go-radix
  version: 1fca145dffbcaa8fe914309b1ec0cfc67500fe61
- name: github.com/aws/aws-sdk-go
  version: 8a0e4eacaec13849a4177fa293f5e908760056a9
  subpackages:
  - aws
  - aws/awserr
  - aws/awsutil
  - aws/client
  - aws/client/metadata
  - aws/corehandlers
  - aws/credentials
  - aws/credentials/ec2rolecreds
  - aws/credentials/endpointcreds
  - aws/credentials/stscreds
  - aws/defaults
  - aws/ec2metadata
  - aws/endpoints
  - aws/request
  - aws/session
  - aws/signer/v4
  - internal/sdkrand
  - internal/shareddefaults
  - private/protocol
  - private/protocol/query
  - private/protocol/query/queryutil
  - private/protocol/rest
  - private/protocol/restxml
  - private/protocol/xml/xmlutil
  - service/s3
  - service/sts
- name: github.com/bgentry/go-netrc
  version: 9fd32a8b3d3d3f9d43c341bfe098430e07609480
  subpackages:
  - netrc
- name: github.com/bgentry/speakeasy
  version: 4aabc24848ce5fd31929f7d1e4ea74d3709c14cd
- name: github.com/blang/semver
  version: a088618caaf34f5392024fc3386143873033fbea
- name: github.com/cpuguy83/go-md2man
  version: 48d8747a2ca13185e7cc8efe6e9fc196a83f71a5
  subpackages:
  - md2man
- name: github.com/davecgh/go-spew
  version: 8991bc29aa16c548c550c7ff78260e27b9ab7c73
  subpackages:
  - spew
- name: github.com/go-ini/ini
  version: e88632e2fbbd517932de8a0af39beb223b03ae35
- name: github.com/golang/protobuf
  version: bbd03ef6da3a115852eaf24c8a1c46aeb39aa175
  subpackages:
  - proto
  - ptypes
  - ptypes/any
  - ptypes/duration
  - ptypes/timestamp
- name: github.com/hashicorp/errwrap
  version: 7554cd9344cec97297fa6649b055a8c98c2a1e55
- name: github.com/hashicorp/go-cleanhttp
  version: d5fe4b57a186c716b0e00b8c301cbd9b4182694d
- name: github.com/hashicorp/go-getter
  version: 64040d90d4ab861e7e833d689dc76a0f176d8dec
  subpackages:
  - helper/url
- name: github.com/hashicorp/go-hclog
  version: 5bcb0f17e36442247290887cc914a6e507afa5c4
- name: github.com/hashicorp/go-multierror
  version: b7773ae218740a7be65057fc60b366a49b538a44
- name: github.com/hashicorp/go-plugin
  version: 956b76edd382134e7e88a07f2d210bafcc730cce
- name: github.com/hashicorp/go-uuid
  version: 27454136f0364f2d44b1276c552d69105cf8c498
- name: github.com/hashicorp/go-version
  version: 4fe82ae3040f80a03d04d2cccb5606a626b8e1ee
- name: github.com/hashicorp/hcl
  version: 23c074d0eceb2b8a5bfdbb271ab780cde70f05a8
  subpackages:
  - hcl/ast
  - hcl/parser
  - hcl/scanner
  - hcl/strconv
  - hcl/token
  - json/parser
  - json/scanner
  - json/token
- name: github.com/hashicorp/hcl2
  version: 92456935b84870414bc208a88b12d0f99c1a0638
  subpackages:
  - gohcl
  - hcl
  - hcl/hclsyntax
  - hcl/json
  - hcldec
  - hclparse
- name: github.com/hashicorp/hil
  version: fa9f258a92500514cc8e9c67020487709df92432
  subpackages:
  - ast
  - parser
  - scanner
- name: github.com/hashicorp/logutils
  version: 0dc08b1671f34c4250ce212759ebd880f743d883
- name: github.com/hashicorp/terraform
  version: 3802b14260603f90c7a1faf55994dcc8933e2069
  subpackages:
  - config
  - config/configschema
  - config/hcl2shim
  - config/module
  - dag
  - flatmap
  - helper/config
  - helper/hashcode
  - helper/hilmapstructure
  - helper/logging
  - helper/resource
  - helper/schema
  - moduledeps
  - plugin
  - plugin/discovery
  - registry
  - registry/regsrc
  - registry/response
  - svchost
  - svchost/auth
  - svchost/disco
  - terraform
  - tfdiags
  - version
- name: github.com/hashicorp/yamux
  version: 683f49123a33db61abfb241b7ac5e4af4dc54d55
- name: github.com/inconshreveable/mousetrap
  version: 76626ae9c91c4f2a10f34cad8ce83ea42c93bb75
- name: github.com/jmespath/go-jmespath
  version: c2b33e8439af944379acbdd9c3a5fe0bc44bd8a5
- name: github.com/mattn/go-isatty
  version: 6ca4dbf54d38eea1a992b3c722a76a5d1c4cb25c
- name: github.com/mitchellh/cli
  version: 518dc677a1e1222682f4e7db06721942cb8e9e4c
- name: github.com/mitchellh/copystructure
  version: d23ffcb85de31694d6ccaa23ccb4a03e55c1303f
- name: github.com/mitchellh/go-homedir
  version: b8bc1bf767474819792c23f32d8286a45736f1c6
- name: github.com/mitchellh/go-testing-interface
  version: a61a99592b77c9ba629d254a693acffaeb4b7e28
- name: github.com/mitchellh/go-wordwrap
  version: ad45545899c7b13c020ea92b2072220eefad42b8
- name: github.com/mitchellh/hashstructure
  version: 2bca23e0e452137f789efbc8610126fd8b94f73b
- name: github.com/mitchellh/mapstructure
  version: 00c29f56e2386353d58c599509e8dc3801b0d716
- name: github.com/mitchellh/reflectwalk
  version: 63d60e9d0dbc60cf9164e6510889b0db6683d98c
- name: github.com/oklog/run
  version: 4dadeb3030eda0273a12382bb2348ffc7c9d1a39
- name: github.com/posener/complete
  version: cdc49b71388c2ab059f57997ef2575c9e8b4f146
  subpackages:
  - cmd
  - cmd/install
  - match
- name: github.com/russross/blackfriday
  version: 55d61fa8aa702f59229e6cff85793c22e580eaf5
- name: github.com/satori/go.uuid
  version: 36e9d2ebbde5e3f13ab2e25625fd453271d6522e
- name: github.com/spf13/cobra
  version: 7b2c5ac9fc04fc5efafb60700713d4fa609b777b
  subpackages:
  - doc
- name: github.com/spf13/pflag
  version: ee5fd03fd6acfd43e44aea0b4135958546ed8e73
- name: github.com/ulikunitz/xz
  version: 0c6b41e72360850ca4f98dc341fd999726ea007f
  subpackages:
  - internal/hash
  - internal/xlog
  - lzma
- name: github.com/zclconf/go-cty
  version: 49fa5e03c418f95f78684c91e155af06aa901a32
  subpackages:
  - cty
  - cty/convert
  - cty/function
  - cty/function/stdlib
  - cty/gocty
  - cty/json
  - cty/set
- name: golang.org/x/crypto
  version: 91a49db82a88618983a78a06c1cbd4e00ab749ab
  subpackages:
  - argon2
  - bcrypt
  - blake2b
  - blowfish
  - cast5
  - openpgp
  - openpgp/armor
  - openpgp/elgamal
  - openpgp/errors
  - openpgp/packet
  - openpgp/s2k
- name: golang.org/x/net
  version: 22ae77b79946ea320088417e4d50825671d82d57
  subpackages:
  - context
  - html
  - html/atom
  - http2
  - http2/hpack
  - idna
  - internal/timeseries
  - lex/httplex
  - trace
- name: golang.org/x/sys
  version: dd2ff4accc098aceecb86b36eaa7829b2a17b1c9
  subpackages:
  - unix
- name: golang.org/x/text
  version: b7ef84aaf62aa3e70962625c80a571ae7c17cb40
  subpackages:
  - secure/bidirule
  - transform
  - unicode/bidi
  - unicode/norm
- name: google.golang.org/genproto
  version: 2c5e7ac708aaa719366570dd82bda44541ca2a63
  subpackages:
  - googleapis/rpc/status
- name: google.golang.org/grpc
  version: 7c5299d71e2b8d403195f6071eecea690bf5622a
  subpackages:
  - balancer
  - balancer/base
  - balancer/roundrobin
  - codes
  - connectivity
  - credentials
  - encoding
  - encoding/proto
  - grpclb/grpc_lb_v1/messages
  - grpclog
  - health
  - health/grpc_health_v1
  - internal
  - keepalive
  - metadata
  - naming
  - peer
  - resolver
  - resolver/dns
  - resolver/passthrough
  - stats
  - status
  - tap
  - transport
- name: gopkg.in/yaml.v2
  version: 7f97868eec74b32b0982dd158a51a446d1da7eb5
testImports: []
